{
  "object": {
    "pins": [
      {
        "package": "menu-core",
        "repositoryURL": "https://github.com/NewNoetic/menu-core",
        "state": {
          "branch": null,
          "revision": "fde07e942c5eb94668e116ef877df0aa41a89b3e",
          "version": "1.0.0"
        }
      }
    ]
  },
  "version": 1
}
